
Microsoft Visual Studio Solution File, Format Version 12.00
# Visual Studio Version 16
VisualStudioVersion = 16.0.31729.503
MinimumVisualStudioVersion = 10.0.40219.1
Project("{FAE04EC0-301F-11D3-BF4B-00C04F79EFBC}") = "ValidateSentences", "ValidateSentences\ValidateSentences.csproj", "{6C0AB030-1D59-49ED-AD91-2029FA05BADD}"
EndProject
Project("{FAE04EC0-301F-11D3-BF4B-00C04F79EFBC}") = "ValidateSentences.Tests", "ValidateSentences.Tests\ValidateSentences.Tests.csproj", "{B410BB85-E059-4A2D-A7D1-21E455BC70F8}"
EndProject
Global
	GlobalSection(SolutionConfigurationPlatforms) = preSolution
		Debug|Any CPU = Debug|Any CPU
		Release|Any CPU = Release|Any CPU
	EndGlobalSection
	GlobalSection(ProjectConfigurationPlatforms) = postSolution
		{6C0AB030-1D59-49ED-AD91-2029FA05BADD}.Debug|Any CPU.ActiveCfg = Debug|Any CPU
		{6C0AB030-1D59-49ED-AD91-2029FA05BADD}.Debug|Any CPU.Build.0 = Debug|Any CPU
		{6C0AB030-1D59-49ED-AD91-2029FA05BADD}.Release|Any CPU.ActiveCfg = Release|Any CPU
		{6C0AB030-1D59-49ED-AD91-2029FA05BADD}.Release|Any CPU.Build.0 = Release|Any CPU
		{B410BB85-E059-4A2D-A7D1-21E455BC70F8}.Debug|Any CPU.ActiveCfg = Debug|Any CPU
		{B410BB85-E059-4A2D-A7D1-21E455BC70F8}.Debug|Any CPU.Build.0 = Debug|Any CPU
		{B410BB85-E059-4A2D-A7D1-21E455BC70F8}.Release|Any CPU.ActiveCfg = Release|Any CPU
		{B410BB85-E059-4A2D-A7D1-21E455BC70F8}.Release|Any CPU.Build.0 = Release|Any CPU
	EndGlobalSection
	GlobalSection(SolutionProperties) = preSolution
		HideSolutionNode = FALSE
	EndGlobalSection
	GlobalSection(ExtensibilityGlobals) = postSolution
		SolutionGuid = {381DD07E-C8C2-40D3-A84E-38ED204F5835}
	EndGlobalSection
EndGlobal
